Microsoft Visual Studio Solution File, Format Version 12.00
# Visual Studio Version 17
VisualStudioVersion = 17.5.2.0
MinimumVisualStudioVersion = 10.0.40219.1
Project("{FAE04EC0-301F-11D3-BF4B-00C04F79EFBC}") = "ApiUnitTests", "ApiUnitTests\ApiUnitTests.csproj", "{4087EFE4-4173-84A8-94E3-97A3E577C47C}"
EndProject
Project("{FAE04EC0-301F-11D3-BF4B-00C04F79EFBC}") = "DockerApi", "DockerApi\DockerApi.csproj", "{68CDBC0B-6697-EA3F-0AAF-92E9918E8CF7}"
EndProject
Global
	GlobalSection(SolutionConfigurationPlatforms) = preSolution
		Debug|Any CPU = Debug|Any CPU
		Release|Any CPU = Release|Any CPU
	EndGlobalSection
	GlobalSection(ProjectConfigurationPlatforms) = postSolution
		{4087EFE4-4173-84A8-94E3-97A3E577C47C}.Debug|Any CPU.ActiveCfg = Debug|Any CPU
		{4087EFE4-4173-84A8-94E3-97A3E577C47C}.Debug|Any CPU.Build.0 = Debug|Any CPU
		{4087EFE4-4173-84A8-94E3-97A3E577C47C}.Release|Any CPU.ActiveCfg = Release|Any CPU
		{4087EFE4-4173-84A8-94E3-97A3E577C47C}.Release|Any CPU.Build.0 = Release|Any CPU
		{68CDBC0B-6697-EA3F-0AAF-92E9918E8CF7}.Debug|Any CPU.ActiveCfg = Debug|Any CPU
		{68CDBC0B-6697-EA3F-0AAF-92E9918E8CF7}.Debug|Any CPU.Build.0 = Debug|Any CPU
		{68CDBC0B-6697-EA3F-0AAF-92E9918E8CF7}.Release|Any CPU.ActiveCfg = Release|Any CPU
		{68CDBC0B-6697-EA3F-0AAF-92E9918E8CF7}.Release|Any CPU.Build.0 = Release|Any CPU
	EndGlobalSection
	GlobalSection(SolutionProperties) = preSolution
		HideSolutionNode = FALSE
	EndGlobalSection
	GlobalSection(ExtensibilityGlobals) = postSolution
		SolutionGuid = {8DAF71F8-486A-4BB0-A356-9B82287D859E}
	EndGlobalSection
EndGlobal
